{
  "projects": [
    {
      "projectId": "cdVKiTYzMMSnNzWrPzZ5qn",
      "version": "latest",
      "dependencies": {},
      "lang": "js",
      "fileLocks": [
        {
          "type": "globalVariant",
          "assetId": "HyNfIPb8uuAl03",
          "checksum": "eaf86c5d3aa82026cc5b39a52b88e09a"
        },
        {
          "type": "renderModule",
          "assetId": "Qxx39UhaIlRqR",
          "checksum": "7c38bdc3f823b7f65f93f4aef773f2d8"
        },
        {
          "type": "cssRules",
          "assetId": "Qxx39UhaIlRqR",
          "checksum": "7c38bdc3f823b7f65f93f4aef773f2d8"
        },
        {
          "type": "renderModule",
          "assetId": "iFGanxEHtdR-m9",
          "checksum": "13975f8797086c00d0f606dffb964efd"
        },
        {
          "type": "cssRules",
          "assetId": "iFGanxEHtdR-m9",
          "checksum": "13975f8797086c00d0f606dffb964efd"
        },
        {
          "type": "renderModule",
          "assetId": "Dj91JQ7X980yJd",
          "checksum": "bb392e92a9f368e4a2ce525349201c10"
        },
        {
          "type": "cssRules",
          "assetId": "Dj91JQ7X980yJd",
          "checksum": "bb392e92a9f368e4a2ce525349201c10"
        },
        {
          "type": "renderModule",
          "assetId": "oeGkFmNQDqMjLO",
          "checksum": "7e1c67f37b3cc25726983964a838c91b"
        },
        {
          "type": "cssRules",
          "assetId": "oeGkFmNQDqMjLO",
          "checksum": "7e1c67f37b3cc25726983964a838c91b"
        },
        {
          "type": "renderModule",
          "assetId": "UKkIqo7bx-OmDK",
          "checksum": "fcba46c4bc57b7e7ceb96d4af0a0a168"
        },
        {
          "type": "cssRules",
          "assetId": "UKkIqo7bx-OmDK",
          "checksum": "fcba46c4bc57b7e7ceb96d4af0a0a168"
        },
        {
          "type": "renderModule",
          "assetId": "iauHBBtoT-7BiK",
          "checksum": "e47fe0f312d4f8ad35cb40fbc84b6974"
        },
        {
          "type": "cssRules",
          "assetId": "iauHBBtoT-7BiK",
          "checksum": "e47fe0f312d4f8ad35cb40fbc84b6974"
        },
        {
          "type": "renderModule",
          "assetId": "2aAoUuc6vxLk7M",
          "checksum": "342ec1989aa67db19366b21ad0c75e70"
        },
        {
          "type": "cssRules",
          "assetId": "2aAoUuc6vxLk7M",
          "checksum": "342ec1989aa67db19366b21ad0c75e70"
        },
        {
          "type": "renderModule",
          "assetId": "vVBpwueyX5y1Ta",
          "checksum": "8a957f819032bf583d80ad678664ad39"
        },
        {
          "type": "cssRules",
          "assetId": "vVBpwueyX5y1Ta",
          "checksum": "8a957f819032bf583d80ad678664ad39"
        },
        {
          "type": "renderModule",
          "assetId": "hUCtg4szAho2YI",
          "checksum": "b9648355ba4586d924acd4705ffa623f"
        },
        {
          "type": "cssRules",
          "assetId": "hUCtg4szAho2YI",
          "checksum": "b9648355ba4586d924acd4705ffa623f"
        },
        {
          "type": "renderModule",
          "assetId": "4Fi6GOsy0UY7Qq",
          "checksum": "049cd3326b1bc1fcaaa9d6a327427efe"
        },
        {
          "type": "cssRules",
          "assetId": "4Fi6GOsy0UY7Qq",
          "checksum": "049cd3326b1bc1fcaaa9d6a327427efe"
        },
        {
          "type": "renderModule",
          "assetId": "M04hqaEQ_R2XVR",
          "checksum": "a529166d3c3fb5f74341fb90e87f9b04"
        },
        {
          "type": "cssRules",
          "assetId": "M04hqaEQ_R2XVR",
          "checksum": "a529166d3c3fb5f74341fb90e87f9b04"
        },
        {
          "type": "renderModule",
          "assetId": "ZqMTaL07NxbN-f",
          "checksum": "2df4e3db4c0398f274240903349957db"
        },
        {
          "type": "cssRules",
          "assetId": "ZqMTaL07NxbN-f",
          "checksum": "2df4e3db4c0398f274240903349957db"
        },
        {
          "type": "renderModule",
          "assetId": "ytfeUyik6kW3RZ",
          "checksum": "989647411a3e36f16e20d04879da0a8f"
        },
        {
          "type": "cssRules",
          "assetId": "ytfeUyik6kW3RZ",
          "checksum": "989647411a3e36f16e20d04879da0a8f"
        },
        {
          "type": "renderModule",
          "assetId": "peypbMFlwmYdfX",
          "checksum": "0e17c8cfb8c3293ff7c8a4a7762e8675"
        },
        {
          "type": "cssRules",
          "assetId": "peypbMFlwmYdfX",
          "checksum": "0e17c8cfb8c3293ff7c8a4a7762e8675"
        },
        {
          "type": "renderModule",
          "assetId": "ImWly197ajEBEu",
          "checksum": "7549ac920d188f70ecf68c3bb0343704"
        },
        {
          "type": "cssRules",
          "assetId": "ImWly197ajEBEu",
          "checksum": "7549ac920d188f70ecf68c3bb0343704"
        },
        {
          "type": "renderModule",
          "assetId": "64ihY4qflKmHz7",
          "checksum": "a228b6c0f5ea511e961af551aa46a403"
        },
        {
          "type": "cssRules",
          "assetId": "64ihY4qflKmHz7",
          "checksum": "a228b6c0f5ea511e961af551aa46a403"
        },
        {
          "type": "icon",
          "assetId": "qpuapd4-85WH4h",
          "checksum": "c9691c44ad3d332d3f5c9f96f5b26cdb"
        },
        {
          "type": "icon",
          "assetId": "tTnUaWRYiT-d4g",
          "checksum": "116401d8b8ca625c0fc7cbdebfd67f36"
        },
        {
          "type": "icon",
          "assetId": "ITFw9XMUbVqMme",
          "checksum": "943909ac72d0f26cbb58e1f4b5618fed"
        },
        {
          "type": "icon",
          "assetId": "OHr14OhEydi3Ce",
          "checksum": "235d82e3c0af5f37490ace0a46b0ed9b"
        },
        {
          "type": "icon",
          "assetId": "lJ2O0T-ZCXxqyk",
          "checksum": "7ef57abb505744d35a0a408ccc34edcf"
        },
        {
          "type": "icon",
          "assetId": "TdBrS2nmGiDxEf",
          "checksum": "a4cf0c135c1234abea26486be6e4cad4"
        },
        {
          "type": "icon",
          "assetId": "sPyooUbRq9Zm9E",
          "checksum": "05165186b95bb5d26a742e5c81cb0024"
        },
        {
          "type": "icon",
          "assetId": "WMrwzoC-PYAZXL",
          "checksum": "49bd5b022c243c744a178fc15993a06f"
        },
        {
          "type": "icon",
          "assetId": "HxpUtQgerrr2Nq",
          "checksum": "1d5f4d8f262cbf33a8744761dd4a0684"
        },
        {
          "type": "icon",
          "assetId": "VAJnLc9uFr5KcV",
          "checksum": "09ff81aabf76fa54c23c784ee3e28397"
        },
        {
          "type": "icon",
          "assetId": "TXmIdbTgKJAd-8",
          "checksum": "50038a80afda19e29822e531a6db7674"
        },
        {
          "type": "icon",
          "assetId": "UlTigheoUPJK_c",
          "checksum": "ace3ac882a3db507ab2708fe64b67203"
        },
        {
          "type": "icon",
          "assetId": "hkiFtPWI4nX5gA",
          "checksum": "a031eebd2cfcaefa7c3a94f70033e700"
        },
        {
          "type": "icon",
          "assetId": "Vi4gwproxx9LLs",
          "checksum": "b353a0aa712f21bc5c6f968707fad29c"
        },
        {
          "type": "icon",
          "assetId": "sMjU4GsCrCdqUK",
          "checksum": "11d7863515857abbb0accccc7623fd0c"
        },
        {
          "type": "icon",
          "assetId": "OONDIjAyjGOM9z",
          "checksum": "1a74cbcf92921666c34b1b6b734a82e6"
        },
        {
          "type": "icon",
          "assetId": "4DixZuacLczu1h",
          "checksum": "7998e15806c83e808e7419b43e010cc9"
        },
        {
          "type": "image",
          "assetId": "N9dic8KI_ilQwB",
          "checksum": "ebebda1aea39630c0232d5b1aebc90ee"
        },
        {
          "type": "image",
          "assetId": "2tzzxXFNX9Fxfe",
          "checksum": "6517caea354b0ac4d89162a70608cbc6"
        },
        {
          "type": "image",
          "assetId": "-tWGbLvXQgiAjm",
          "checksum": "fd9b5369ec4c99f68b1e348f4d4733da"
        },
        {
          "type": "image",
          "assetId": "W6XuKZn5g0sCVa",
          "checksum": "691a1033e69cebe9b2eb0d49520931af"
        },
        {
          "type": "image",
          "assetId": "jQL0M31Dwsk5km",
          "checksum": "af0d696997487cd330fe5fe2644bf4f5"
        },
        {
          "type": "image",
          "assetId": "ES31ZbNuxSnFC5",
          "checksum": "034e742e502e40c66166da863b3a5717"
        },
        {
          "type": "image",
          "assetId": "Z1XRWcELtbcG6g",
          "checksum": "c539ea20085099ecef7057d1c695086a"
        },
        {
          "type": "image",
          "assetId": "mU-QxevKo8D6Ya",
          "checksum": "76bcfdaebf262b4d43d6006587d69685"
        },
        {
          "type": "image",
          "assetId": "Le6ZQtOfuLAjDC",
          "checksum": "6a9fdfeb1074a77dea7d2478a0dc2463"
        },
        {
          "type": "image",
          "assetId": "CS-XfFtj3guN4_",
          "checksum": "625da0be493a4e06bc9d674d2505a675"
        },
        {
          "type": "image",
          "assetId": "3K5y5Ub5bebltg",
          "checksum": "b7f6f13bf26087a1031d22b2c92dce15"
        },
        {
          "type": "image",
          "assetId": "y9CuzCjRkMOJIJ",
          "checksum": "e99cc965fdd4f7520c928db3ce063b39"
        },
        {
          "type": "image",
          "assetId": "6Rs_HErx1UliMt",
          "checksum": "10cf6926e72af4a9254d4e0c8d47a1f0"
        },
        {
          "type": "image",
          "assetId": "H0XPWf3qjrjGL1",
          "checksum": "7801b18e541fa45d877d9a4215451f7b"
        },
        {
          "type": "image",
          "assetId": "Ek9gl1dOmiaUX8",
          "checksum": "564d6cbc248f34706da8aa3280cd255c"
        },
        {
          "type": "image",
          "assetId": "x2VS-rYunKTYJO",
          "checksum": "a949dc8f7daf70792ee81eb6861f6cd8"
        },
        {
          "type": "image",
          "assetId": "mLaXLFsP-Gb2aN",
          "checksum": "e6c60d991006b16c5b7f28fdf656515e"
        },
        {
          "type": "image",
          "assetId": "zt8tY7MiorkUZZ",
          "checksum": "6d033006f26c2e99b323ce317375df53"
        },
        {
          "type": "image",
          "assetId": "3d1InCYBPLhMY9",
          "checksum": "03f3138aa184f87cbc6cc674369c424b"
        },
        {
          "type": "image",
          "assetId": "Spfr7MKgBkhBTm",
          "checksum": "7a199a0fe63332a090bd4035aa44eb39"
        },
        {
          "assetId": "cdVKiTYzMMSnNzWrPzZ5qn",
          "type": "projectCss",
          "checksum": "d9f0ac8960930313a19814ad63a9929c"
        }
      ],
      "codegenVersion": "0.0.1"
    }
  ],
  "cliVersion": "0.1.176"
}
